
Microsoft Visual Studio Solution File, Format Version 12.00
# Visual Studio 15
VisualStudioVersion = 15.0.28010.2003
MinimumVisualStudioVersion = 10.0.40219.1
Project("{FAE04EC0-301F-11D3-BF4B-00C04F79EFBC}") = "Gauss e Jacobi", "Gauss e Jacobi\Gauss e Jacobi.csproj", "{375536B2-30E5-4C35-9B64-E7C36BA3F29B}"
EndProject
Global
	GlobalSection(SolutionConfigurationPlatforms) = preSolution
		Debug|Any CPU = Debug|Any CPU
		Release|Any CPU = Release|Any CPU
	EndGlobalSection
	GlobalSection(ProjectConfigurationPlatforms) = postSolution
		{375536B2-30E5-4C35-9B64-E7C36BA3F29B}.Debug|Any CPU.ActiveCfg = Debug|Any CPU
		{375536B2-30E5-4C35-9B64-E7C36BA3F29B}.Debug|Any CPU.Build.0 = Debug|Any CPU
		{375536B2-30E5-4C35-9B64-E7C36BA3F29B}.Release|Any CPU.ActiveCfg = Release|Any CPU
		{375536B2-30E5-4C35-9B64-E7C36BA3F29B}.Release|Any CPU.Build.0 = Release|Any CPU
	EndGlobalSection
	GlobalSection(SolutionProperties) = preSolution
		HideSolutionNode = FALSE
	EndGlobalSection
	GlobalSection(ExtensibilityGlobals) = postSolution
		SolutionGuid = {7138598E-4703-47F4-9515-6DE1B67AD954}
	EndGlobalSection
EndGlobal
